
Microsoft Visual Studio Solution File, Format Version 12.00
# Visual Studio Version 17
VisualStudioVersion = 17.5.002.0
MinimumVisualStudioVersion = 10.0.40219.1
Project("{9A19103F-16F7-4668-BE54-9A1E7A4F7556}") = "ConsoleWithDbCrud", "ConsoleWithDbCrud.csproj", "{8766A456-B33F-4484-A420-F5F0AEA7CCDA}"
EndProject
Global
	GlobalSection(SolutionConfigurationPlatforms) = preSolution
		Debug|Any CPU = Debug|Any CPU
		Release|Any CPU = Release|Any CPU
	EndGlobalSection
	GlobalSection(ProjectConfigurationPlatforms) = postSolution
		{8766A456-B33F-4484-A420-F5F0AEA7CCDA}.Debug|Any CPU.ActiveCfg = Debug|Any CPU
		{8766A456-B33F-4484-A420-F5F0AEA7CCDA}.Debug|Any CPU.Build.0 = Debug|Any CPU
		{8766A456-B33F-4484-A420-F5F0AEA7CCDA}.Release|Any CPU.ActiveCfg = Release|Any CPU
		{8766A456-B33F-4484-A420-F5F0AEA7CCDA}.Release|Any CPU.Build.0 = Release|Any CPU
	EndGlobalSection
	GlobalSection(SolutionProperties) = preSolution
		HideSolutionNode = FALSE
	EndGlobalSection
	GlobalSection(ExtensibilityGlobals) = postSolution
		SolutionGuid = {A9F8FD5A-1D10-48B5-8AFC-3C0C143D7957}
	EndGlobalSection
EndGlobal
